
Microsoft Visual Studio Solution File, Format Version 12.00
# Visual Studio Version 17
VisualStudioVersion = 17.10.35013.160
MinimumVisualStudioVersion = 10.0.40219.1
Project("{FAE04EC0-301F-11D3-BF4B-00C04F79EFBC}") = "SlimeArchipelago", "SlimeArchipelago\SlimeArchipelago.csproj", "{F5BFD1AE-9357-43EF-85CA-DD4BA266897B}"
EndProject
Global
	GlobalSection(SolutionConfigurationPlatforms) = preSolution
		Debug|Any CPU = Debug|Any CPU
		Release|Any CPU = Release|Any CPU
	EndGlobalSection
	GlobalSection(ProjectConfigurationPlatforms) = postSolution
		{F5BFD1AE-9357-43EF-85CA-DD4BA266897B}.Debug|Any CPU.ActiveCfg = Debug|Any CPU
		{F5BFD1AE-9357-43EF-85CA-DD4BA266897B}.Debug|Any CPU.Build.0 = Debug|Any CPU
		{F5BFD1AE-9357-43EF-85CA-DD4BA266897B}.Release|Any CPU.ActiveCfg = Release|Any CPU
		{F5BFD1AE-9357-43EF-85CA-DD4BA266897B}.Release|Any CPU.Build.0 = Release|Any CPU
	EndGlobalSection
	GlobalSection(SolutionProperties) = preSolution
		HideSolutionNode = FALSE
	EndGlobalSection
	GlobalSection(ExtensibilityGlobals) = postSolution
		SolutionGuid = {6A03B6DF-DBEB-4F46-B81E-B0B22B029411}
	EndGlobalSection
EndGlobal
